
Microsoft Visual Studio Solution File, Format Version 12.00
# Visual Studio Version 17
VisualStudioVersion = 17.7.34202.233
MinimumVisualStudioVersion = 10.0.40219.1
Project("{FAE04EC0-301F-11D3-BF4B-00C04F79EFBC}") = "Chapter01", "Chapter01\Chapter01.csproj", "{173E24B8-9EA7-4B03-8B41-7BC71F2DCD96}"
EndProject
Project("{FAE04EC0-301F-11D3-BF4B-00C04F79EFBC}") = "Chapter02", "Chapter02\Chapter02.csproj", "{DC50D221-10A0-420E-9106-6D20B63653D9}"
EndProject
Global
	GlobalSection(SolutionConfigurationPlatforms) = preSolution
		Debug|Any CPU = Debug|Any CPU
		Release|Any CPU = Release|Any CPU
	EndGlobalSection
	GlobalSection(ProjectConfigurationPlatforms) = postSolution
		{173E24B8-9EA7-4B03-8B41-7BC71F2DCD96}.Debug|Any CPU.ActiveCfg = Debug|Any CPU
		{173E24B8-9EA7-4B03-8B41-7BC71F2DCD96}.Debug|Any CPU.Build.0 = Debug|Any CPU
		{173E24B8-9EA7-4B03-8B41-7BC71F2DCD96}.Release|Any CPU.ActiveCfg = Release|Any CPU
		{173E24B8-9EA7-4B03-8B41-7BC71F2DCD96}.Release|Any CPU.Build.0 = Release|Any CPU
		{DC50D221-10A0-420E-9106-6D20B63653D9}.Debug|Any CPU.ActiveCfg = Debug|Any CPU
		{DC50D221-10A0-420E-9106-6D20B63653D9}.Debug|Any CPU.Build.0 = Debug|Any CPU
		{DC50D221-10A0-420E-9106-6D20B63653D9}.Release|Any CPU.ActiveCfg = Release|Any CPU
		{DC50D221-10A0-420E-9106-6D20B63653D9}.Release|Any CPU.Build.0 = Release|Any CPU
	EndGlobalSection
	GlobalSection(SolutionProperties) = preSolution
		HideSolutionNode = FALSE
	EndGlobalSection
	GlobalSection(ExtensibilityGlobals) = postSolution
		SolutionGuid = {7ACF30F9-F559-4395-B5D9-61A3C9BC7479}
	EndGlobalSection
EndGlobal
