
Microsoft Visual Studio Solution File, Format Version 12.00
# Visual Studio Version 17
VisualStudioVersion = 17.7.34202.233
MinimumVisualStudioVersion = 10.0.40219.1
Project("{2150E333-8FDC-42A3-9474-1A3956D46DE8}") = "Chapter01", "Chapter01", "{CD2D2F4E-950D-445C-BBDF-36CA7B3F325D}"
EndProject
Project("{2150E333-8FDC-42A3-9474-1A3956D46DE8}") = "Chapter02", "Chapter02", "{4F5F925B-3A26-4E7E-9F79-D75C53D3EB27}"
EndProject
Project("{9A19103F-16F7-4668-BE54-9A1E7A4F7556}") = "ConsoleApp1", "ConsoleApp1\ConsoleApp1.csproj", "{5B5E9BA2-C8B7-4B1C-A2AF-3B9FF2477054}"
EndProject
Project("{9A19103F-16F7-4668-BE54-9A1E7A4F7556}") = "2.1", "2.1\2.1.csproj", "{188CEB29-F63E-46C2-AF78-D8E67F355D36}"
EndProject
Project("{9A19103F-16F7-4668-BE54-9A1E7A4F7556}") = "2.2", "2.2\2.2.csproj", "{D6E78083-5DCD-4165-A428-2EBC2D5E04BE}"
EndProject
Project("{9A19103F-16F7-4668-BE54-9A1E7A4F7556}") = "2.3", "2.3\2.3.csproj", "{9660EAC6-7636-444A-9EA7-3F58EF7202E8}"
EndProject
Project("{2150E333-8FDC-42A3-9474-1A3956D46DE8}") = "Chapter03", "Chapter03", "{B088FD39-57EA-4E00-A4EF-A6E51A73304A}"
EndProject
Project("{9A19103F-16F7-4668-BE54-9A1E7A4F7556}") = "3.1", "3.1\3.1.csproj", "{355F7681-15B3-409F-8340-B7C536790572}"
EndProject
Project("{9A19103F-16F7-4668-BE54-9A1E7A4F7556}") = "3.2", "3.2\3.2.csproj", "{2C5ABEC3-3B92-4463-838F-809DC7425D8E}"
EndProject
Project("{9A19103F-16F7-4668-BE54-9A1E7A4F7556}") = "3.3", "3.3\3.3.csproj", "{3D988F06-CCC2-40F1-A86F-89DE88063D21}"
EndProject
Project("{9A19103F-16F7-4668-BE54-9A1E7A4F7556}") = "3.4", "3.4\3.4.csproj", "{82B2E8DD-C45A-4A3A-A963-41456FCBBEBE}"
EndProject
Project("{9A19103F-16F7-4668-BE54-9A1E7A4F7556}") = "3.5", "3.5\3.5.csproj", "{0A832CFA-CF70-4FDB-9FDA-BD56F40D88CE}"
EndProject
Project("{2150E333-8FDC-42A3-9474-1A3956D46DE8}") = "Chapter04", "Chapter04", "{5F2B510F-FA11-4AC9-B5AE-E99D43692F6C}"
EndProject
Project("{9A19103F-16F7-4668-BE54-9A1E7A4F7556}") = "4.1", "4.1\4.1.csproj", "{9FF4A3F4-76B5-4657-A958-08C9190ABBB1}"
EndProject
Project("{2150E333-8FDC-42A3-9474-1A3956D46DE8}") = "Camunda", "Camunda", "{012F155F-0413-43DD-9547-37E2BAAF7BF6}"
EndProject
Project("{9A19103F-16F7-4668-BE54-9A1E7A4F7556}") = "CamundaForm", "CamundaForm\CamundaForm.csproj", "{EC4888CA-BC18-4C18-8F10-357939A9C06A}"
EndProject
Project("{2150E333-8FDC-42A3-9474-1A3956D46DE8}") = "RoleEngine", "RoleEngine", "{869C8241-20AC-44C1-A161-F85FA63E0BEB}"
EndProject
Project("{9A19103F-16F7-4668-BE54-9A1E7A4F7556}") = "RoleEngineApp", "RoleEngineApp\RoleEngineApp.csproj", "{1285B9B2-D8E4-4CA0-A5C0-074D3192A8A2}"
EndProject
Project("{9A19103F-16F7-4668-BE54-9A1E7A4F7556}") = "4.2", "4.2\4.2.csproj", "{EA0EC8C7-B255-42FF-AEEE-8D38D33E304A}"
EndProject
Project("{2150E333-8FDC-42A3-9474-1A3956D46DE8}") = "Chapter05", "Chapter05", "{96CC6131-98C6-4BD0-8D45-F9D0DC8D03D3}"
EndProject
Project("{9A19103F-16F7-4668-BE54-9A1E7A4F7556}") = "5.1", "5.1\5.1.csproj", "{938FD698-0AAC-4559-8B45-BB88538FD45A}"
EndProject
Project("{2150E333-8FDC-42A3-9474-1A3956D46DE8}") = "Chapter06", "Chapter06", "{ADAF7BC7-7D54-4892-B9D9-8AF9CE54C02F}"
EndProject
Project("{9A19103F-16F7-4668-BE54-9A1E7A4F7556}") = "6.1", "6.1\6.1.csproj", "{29052233-AC29-4579-9FEE-1BF859C74D37}"
EndProject
Project("{2150E333-8FDC-42A3-9474-1A3956D46DE8}") = "Chapter07", "Chapter07", "{40BE4A78-6B1D-4F3F-A25E-F817475BA463}"
EndProject
Project("{9A19103F-16F7-4668-BE54-9A1E7A4F7556}") = "7.1", "7.1\7.1.csproj", "{5C56DED5-DBC1-43C2-BB8E-FC47161EB292}"
EndProject
Project("{2150E333-8FDC-42A3-9474-1A3956D46DE8}") = "Chapter08", "Chapter08", "{38AD3B49-65B0-4B91-828D-878118F2C02B}"
EndProject
Project("{9A19103F-16F7-4668-BE54-9A1E7A4F7556}") = "8.1", "8.1\8.1.csproj", "{D1A78E9F-306D-4D8B-A0E8-5B5463C588F3}"
EndProject
Project("{2150E333-8FDC-42A3-9474-1A3956D46DE8}") = "Chapter09", "Chapter09", "{3CB38F15-0D2C-4CC1-ABB0-C0A6AD773BF4}"
EndProject
Project("{FAE04EC0-301F-11D3-BF4B-00C04F79EFBC}") = "9.1", "9.1\9.1.csproj", "{E14D470B-B0B6-44D5-8607-674874D6A157}"
EndProject
Project("{2150E333-8FDC-42A3-9474-1A3956D46DE8}") = "Chapter10", "Chapter10", "{F062EA30-2467-47EC-8D21-49DD09609D5C}"
EndProject
Project("{2150E333-8FDC-42A3-9474-1A3956D46DE8}") = "Chapter11", "Chapter11", "{FED14537-D31A-45AE-9CF7-758EE70485F4}"
EndProject
Project("{2150E333-8FDC-42A3-9474-1A3956D46DE8}") = "Chapter12", "Chapter12", "{1EA9BCC1-F054-49AE-AB1B-D1171EA81940}"
EndProject
Project("{2150E333-8FDC-42A3-9474-1A3956D46DE8}") = "Chapter13", "Chapter13", "{9454BA2F-EDEE-4F68-85CE-FA221A6D8580}"
EndProject
Project("{2150E333-8FDC-42A3-9474-1A3956D46DE8}") = "Chapter14", "Chapter14", "{95056A8E-A895-4FC9-8711-2994E21A78C4}"
EndProject
Project("{2150E333-8FDC-42A3-9474-1A3956D46DE8}") = "Chapter15", "Chapter15", "{2DBFD288-6CB7-43CE-88E1-BEA556321B24}"
EndProject
Project("{2150E333-8FDC-42A3-9474-1A3956D46DE8}") = "Chapter16", "Chapter16", "{2B3255D3-2BC8-4A07-BEC9-28A9F2F18E2E}"
EndProject
Project("{2150E333-8FDC-42A3-9474-1A3956D46DE8}") = "Chapter17", "Chapter17", "{64A9CA53-2EEB-4DA7-ABC5-4D5F9E452643}"
EndProject
Project("{FAE04EC0-301F-11D3-BF4B-00C04F79EFBC}") = "10.1", "10.1\10.1.csproj", "{232F0903-49EC-4251-A698-897B770B0E32}"
EndProject
Project("{FAE04EC0-301F-11D3-BF4B-00C04F79EFBC}") = "11.1", "11.1\11.1.csproj", "{C53DCC2B-0CEE-4631-B763-96165DC78630}"
EndProject
Project("{FAE04EC0-301F-11D3-BF4B-00C04F79EFBC}") = "12.1", "12.1\12.1.csproj", "{270757CE-2649-4450-8177-018F67C85285}"
EndProject
Project("{FAE04EC0-301F-11D3-BF4B-00C04F79EFBC}") = "13.1", "13.1\13.1.csproj", "{3534D249-EFED-43D4-9951-D5E0C55422F1}"
EndProject
Project("{FAE04EC0-301F-11D3-BF4B-00C04F79EFBC}") = "14.1", "14.1\14.1.csproj", "{4F2DF425-A184-4E47-8C57-9E331E5975AB}"
EndProject
Project("{FAE04EC0-301F-11D3-BF4B-00C04F79EFBC}") = "15.1", "15.1\15.1.csproj", "{BF76B7DF-0817-4146-A54D-E5B28369DDFB}"
EndProject
Project("{FAE04EC0-301F-11D3-BF4B-00C04F79EFBC}") = "16.1", "16.1\16.1.csproj", "{0E6DE85B-7CD7-4959-ABC6-FDDCE6F02BAC}"
EndProject
Project("{FAE04EC0-301F-11D3-BF4B-00C04F79EFBC}") = "17.1", "17.1\17.1.csproj", "{806DAB70-FA91-476A-BB15-58655A441A6D}"
EndProject
Global
	GlobalSection(SolutionConfigurationPlatforms) = preSolution
		Debug|Any CPU = Debug|Any CPU
		Release|Any CPU = Release|Any CPU
	EndGlobalSection
	GlobalSection(ProjectConfigurationPlatforms) = postSolution
		{5B5E9BA2-C8B7-4B1C-A2AF-3B9FF2477054}.Debug|Any CPU.ActiveCfg = Debug|Any CPU
		{5B5E9BA2-C8B7-4B1C-A2AF-3B9FF2477054}.Debug|Any CPU.Build.0 = Debug|Any CPU
		{5B5E9BA2-C8B7-4B1C-A2AF-3B9FF2477054}.Release|Any CPU.ActiveCfg = Release|Any CPU
		{5B5E9BA2-C8B7-4B1C-A2AF-3B9FF2477054}.Release|Any CPU.Build.0 = Release|Any CPU
		{188CEB29-F63E-46C2-AF78-D8E67F355D36}.Debug|Any CPU.ActiveCfg = Debug|Any CPU
		{188CEB29-F63E-46C2-AF78-D8E67F355D36}.Debug|Any CPU.Build.0 = Debug|Any CPU
		{188CEB29-F63E-46C2-AF78-D8E67F355D36}.Release|Any CPU.ActiveCfg = Release|Any CPU
		{188CEB29-F63E-46C2-AF78-D8E67F355D36}.Release|Any CPU.Build.0 = Release|Any CPU
		{D6E78083-5DCD-4165-A428-2EBC2D5E04BE}.Debug|Any CPU.ActiveCfg = Debug|Any CPU
		{D6E78083-5DCD-4165-A428-2EBC2D5E04BE}.Debug|Any CPU.Build.0 = Debug|Any CPU
		{D6E78083-5DCD-4165-A428-2EBC2D5E04BE}.Release|Any CPU.ActiveCfg = Release|Any CPU
		{D6E78083-5DCD-4165-A428-2EBC2D5E04BE}.Release|Any CPU.Build.0 = Release|Any CPU
		{9660EAC6-7636-444A-9EA7-3F58EF7202E8}.Debug|Any CPU.ActiveCfg = Debug|Any CPU
		{9660EAC6-7636-444A-9EA7-3F58EF7202E8}.Debug|Any CPU.Build.0 = Debug|Any CPU
		{9660EAC6-7636-444A-9EA7-3F58EF7202E8}.Release|Any CPU.ActiveCfg = Release|Any CPU
		{9660EAC6-7636-444A-9EA7-3F58EF7202E8}.Release|Any CPU.Build.0 = Release|Any CPU
		{355F7681-15B3-409F-8340-B7C536790572}.Debug|Any CPU.ActiveCfg = Debug|Any CPU
		{355F7681-15B3-409F-8340-B7C536790572}.Debug|Any CPU.Build.0 = Debug|Any CPU
		{355F7681-15B3-409F-8340-B7C536790572}.Release|Any CPU.ActiveCfg = Release|Any CPU
		{355F7681-15B3-409F-8340-B7C536790572}.Release|Any CPU.Build.0 = Release|Any CPU
		{2C5ABEC3-3B92-4463-838F-809DC7425D8E}.Debug|Any CPU.ActiveCfg = Debug|Any CPU
		{2C5ABEC3-3B92-4463-838F-809DC7425D8E}.Debug|Any CPU.Build.0 = Debug|Any CPU
		{2C5ABEC3-3B92-4463-838F-809DC7425D8E}.Release|Any CPU.ActiveCfg = Release|Any CPU
		{2C5ABEC3-3B92-4463-838F-809DC7425D8E}.Release|Any CPU.Build.0 = Release|Any CPU
		{3D988F06-CCC2-40F1-A86F-89DE88063D21}.Debug|Any CPU.ActiveCfg = Debug|Any CPU
		{3D988F06-CCC2-40F1-A86F-89DE88063D21}.Debug|Any CPU.Build.0 = Debug|Any CPU
		{3D988F06-CCC2-40F1-A86F-89DE88063D21}.Release|Any CPU.ActiveCfg = Release|Any CPU
		{3D988F06-CCC2-40F1-A86F-89DE88063D21}.Release|Any CPU.Build.0 = Release|Any CPU
		{82B2E8DD-C45A-4A3A-A963-41456FCBBEBE}.Debug|Any CPU.ActiveCfg = Debug|Any CPU
		{82B2E8DD-C45A-4A3A-A963-41456FCBBEBE}.Debug|Any CPU.Build.0 = Debug|Any CPU
		{82B2E8DD-C45A-4A3A-A963-41456FCBBEBE}.Release|Any CPU.ActiveCfg = Release|Any CPU
		{82B2E8DD-C45A-4A3A-A963-41456FCBBEBE}.Release|Any CPU.Build.0 = Release|Any CPU
		{0A832CFA-CF70-4FDB-9FDA-BD56F40D88CE}.Debug|Any CPU.ActiveCfg = Debug|Any CPU
		{0A832CFA-CF70-4FDB-9FDA-BD56F40D88CE}.Debug|Any CPU.Build.0 = Debug|Any CPU
		{0A832CFA-CF70-4FDB-9FDA-BD56F40D88CE}.Release|Any CPU.ActiveCfg = Release|Any CPU
		{0A832CFA-CF70-4FDB-9FDA-BD56F40D88CE}.Release|Any CPU.Build.0 = Release|Any CPU
		{9FF4A3F4-76B5-4657-A958-08C9190ABBB1}.Debug|Any CPU.ActiveCfg = Debug|Any CPU
		{9FF4A3F4-76B5-4657-A958-08C9190ABBB1}.Debug|Any CPU.Build.0 = Debug|Any CPU
		{9FF4A3F4-76B5-4657-A958-08C9190ABBB1}.Release|Any CPU.ActiveCfg = Release|Any CPU
		{9FF4A3F4-76B5-4657-A958-08C9190ABBB1}.Release|Any CPU.Build.0 = Release|Any CPU
		{EC4888CA-BC18-4C18-8F10-357939A9C06A}.Debug|Any CPU.ActiveCfg = Debug|Any CPU
		{EC4888CA-BC18-4C18-8F10-357939A9C06A}.Debug|Any CPU.Build.0 = Debug|Any CPU
		{EC4888CA-BC18-4C18-8F10-357939A9C06A}.Release|Any CPU.ActiveCfg = Release|Any CPU
		{EC4888CA-BC18-4C18-8F10-357939A9C06A}.Release|Any CPU.Build.0 = Release|Any CPU
		{1285B9B2-D8E4-4CA0-A5C0-074D3192A8A2}.Debug|Any CPU.ActiveCfg = Debug|Any CPU
		{1285B9B2-D8E4-4CA0-A5C0-074D3192A8A2}.Debug|Any CPU.Build.0 = Debug|Any CPU
		{1285B9B2-D8E4-4CA0-A5C0-074D3192A8A2}.Release|Any CPU.ActiveCfg = Release|Any CPU
		{1285B9B2-D8E4-4CA0-A5C0-074D3192A8A2}.Release|Any CPU.Build.0 = Release|Any CPU
		{EA0EC8C7-B255-42FF-AEEE-8D38D33E304A}.Debug|Any CPU.ActiveCfg = Debug|Any CPU
		{EA0EC8C7-B255-42FF-AEEE-8D38D33E304A}.Debug|Any CPU.Build.0 = Debug|Any CPU
		{EA0EC8C7-B255-42FF-AEEE-8D38D33E304A}.Release|Any CPU.ActiveCfg = Release|Any CPU
		{EA0EC8C7-B255-42FF-AEEE-8D38D33E304A}.Release|Any CPU.Build.0 = Release|Any CPU
		{938FD698-0AAC-4559-8B45-BB88538FD45A}.Debug|Any CPU.ActiveCfg = Debug|Any CPU
		{938FD698-0AAC-4559-8B45-BB88538FD45A}.Debug|Any CPU.Build.0 = Debug|Any CPU
		{938FD698-0AAC-4559-8B45-BB88538FD45A}.Release|Any CPU.ActiveCfg = Release|Any CPU
		{938FD698-0AAC-4559-8B45-BB88538FD45A}.Release|Any CPU.Build.0 = Release|Any CPU
		{29052233-AC29-4579-9FEE-1BF859C74D37}.Debug|Any CPU.ActiveCfg = Debug|Any CPU
		{29052233-AC29-4579-9FEE-1BF859C74D37}.Debug|Any CPU.Build.0 = Debug|Any CPU
		{29052233-AC29-4579-9FEE-1BF859C74D37}.Release|Any CPU.ActiveCfg = Release|Any CPU
		{29052233-AC29-4579-9FEE-1BF859C74D37}.Release|Any CPU.Build.0 = Release|Any CPU
		{5C56DED5-DBC1-43C2-BB8E-FC47161EB292}.Debug|Any CPU.ActiveCfg = Debug|Any CPU
		{5C56DED5-DBC1-43C2-BB8E-FC47161EB292}.Debug|Any CPU.Build.0 = Debug|Any CPU
		{5C56DED5-DBC1-43C2-BB8E-FC47161EB292}.Release|Any CPU.ActiveCfg = Release|Any CPU
		{5C56DED5-DBC1-43C2-BB8E-FC47161EB292}.Release|Any CPU.Build.0 = Release|Any CPU
		{D1A78E9F-306D-4D8B-A0E8-5B5463C588F3}.Debug|Any CPU.ActiveCfg = Debug|Any CPU
		{D1A78E9F-306D-4D8B-A0E8-5B5463C588F3}.Debug|Any CPU.Build.0 = Debug|Any CPU
		{D1A78E9F-306D-4D8B-A0E8-5B5463C588F3}.Release|Any CPU.ActiveCfg = Release|Any CPU
		{D1A78E9F-306D-4D8B-A0E8-5B5463C588F3}.Release|Any CPU.Build.0 = Release|Any CPU
		{E14D470B-B0B6-44D5-8607-674874D6A157}.Debug|Any CPU.ActiveCfg = Debug|Any CPU
		{E14D470B-B0B6-44D5-8607-674874D6A157}.Debug|Any CPU.Build.0 = Debug|Any CPU
		{E14D470B-B0B6-44D5-8607-674874D6A157}.Release|Any CPU.ActiveCfg = Release|Any CPU
		{E14D470B-B0B6-44D5-8607-674874D6A157}.Release|Any CPU.Build.0 = Release|Any CPU
		{232F0903-49EC-4251-A698-897B770B0E32}.Debug|Any CPU.ActiveCfg = Debug|Any CPU
		{232F0903-49EC-4251-A698-897B770B0E32}.Debug|Any CPU.Build.0 = Debug|Any CPU
		{232F0903-49EC-4251-A698-897B770B0E32}.Release|Any CPU.ActiveCfg = Release|Any CPU
		{232F0903-49EC-4251-A698-897B770B0E32}.Release|Any CPU.Build.0 = Release|Any CPU
		{C53DCC2B-0CEE-4631-B763-96165DC78630}.Debug|Any CPU.ActiveCfg = Debug|Any CPU
		{C53DCC2B-0CEE-4631-B763-96165DC78630}.Debug|Any CPU.Build.0 = Debug|Any CPU
		{C53DCC2B-0CEE-4631-B763-96165DC78630}.Release|Any CPU.ActiveCfg = Release|Any CPU
		{C53DCC2B-0CEE-4631-B763-96165DC78630}.Release|Any CPU.Build.0 = Release|Any CPU
		{270757CE-2649-4450-8177-018F67C85285}.Debug|Any CPU.ActiveCfg = Debug|Any CPU
		{270757CE-2649-4450-8177-018F67C85285}.Debug|Any CPU.Build.0 = Debug|Any CPU
		{270757CE-2649-4450-8177-018F67C85285}.Release|Any CPU.ActiveCfg = Release|Any CPU
		{270757CE-2649-4450-8177-018F67C85285}.Release|Any CPU.Build.0 = Release|Any CPU
		{3534D249-EFED-43D4-9951-D5E0C55422F1}.Debug|Any CPU.ActiveCfg = Debug|Any CPU
		{3534D249-EFED-43D4-9951-D5E0C55422F1}.Debug|Any CPU.Build.0 = Debug|Any CPU
		{3534D249-EFED-43D4-9951-D5E0C55422F1}.Release|Any CPU.ActiveCfg = Release|Any CPU
		{3534D249-EFED-43D4-9951-D5E0C55422F1}.Release|Any CPU.Build.0 = Release|Any CPU
		{4F2DF425-A184-4E47-8C57-9E331E5975AB}.Debug|Any CPU.ActiveCfg = Debug|Any CPU
		{4F2DF425-A184-4E47-8C57-9E331E5975AB}.Debug|Any CPU.Build.0 = Debug|Any CPU
		{4F2DF425-A184-4E47-8C57-9E331E5975AB}.Release|Any CPU.ActiveCfg = Release|Any CPU
		{4F2DF425-A184-4E47-8C57-9E331E5975AB}.Release|Any CPU.Build.0 = Release|Any CPU
		{BF76B7DF-0817-4146-A54D-E5B28369DDFB}.Debug|Any CPU.ActiveCfg = Debug|Any CPU
		{BF76B7DF-0817-4146-A54D-E5B28369DDFB}.Debug|Any CPU.Build.0 = Debug|Any CPU
		{BF76B7DF-0817-4146-A54D-E5B28369DDFB}.Release|Any CPU.ActiveCfg = Release|Any CPU
		{BF76B7DF-0817-4146-A54D-E5B28369DDFB}.Release|Any CPU.Build.0 = Release|Any CPU
		{0E6DE85B-7CD7-4959-ABC6-FDDCE6F02BAC}.Debug|Any CPU.ActiveCfg = Debug|Any CPU
		{0E6DE85B-7CD7-4959-ABC6-FDDCE6F02BAC}.Debug|Any CPU.Build.0 = Debug|Any CPU
		{0E6DE85B-7CD7-4959-ABC6-FDDCE6F02BAC}.Release|Any CPU.ActiveCfg = Release|Any CPU
		{0E6DE85B-7CD7-4959-ABC6-FDDCE6F02BAC}.Release|Any CPU.Build.0 = Release|Any CPU
		{806DAB70-FA91-476A-BB15-58655A441A6D}.Debug|Any CPU.ActiveCfg = Debug|Any CPU
		{806DAB70-FA91-476A-BB15-58655A441A6D}.Debug|Any CPU.Build.0 = Debug|Any CPU
		{806DAB70-FA91-476A-BB15-58655A441A6D}.Release|Any CPU.ActiveCfg = Release|Any CPU
		{806DAB70-FA91-476A-BB15-58655A441A6D}.Release|Any CPU.Build.0 = Release|Any CPU
	EndGlobalSection
	GlobalSection(SolutionProperties) = preSolution
		HideSolutionNode = FALSE
	EndGlobalSection
	GlobalSection(NestedProjects) = preSolution
		{5B5E9BA2-C8B7-4B1C-A2AF-3B9FF2477054} = {CD2D2F4E-950D-445C-BBDF-36CA7B3F325D}
		{188CEB29-F63E-46C2-AF78-D8E67F355D36} = {4F5F925B-3A26-4E7E-9F79-D75C53D3EB27}
		{D6E78083-5DCD-4165-A428-2EBC2D5E04BE} = {4F5F925B-3A26-4E7E-9F79-D75C53D3EB27}
		{9660EAC6-7636-444A-9EA7-3F58EF7202E8} = {4F5F925B-3A26-4E7E-9F79-D75C53D3EB27}
		{355F7681-15B3-409F-8340-B7C536790572} = {B088FD39-57EA-4E00-A4EF-A6E51A73304A}
		{2C5ABEC3-3B92-4463-838F-809DC7425D8E} = {B088FD39-57EA-4E00-A4EF-A6E51A73304A}
		{3D988F06-CCC2-40F1-A86F-89DE88063D21} = {B088FD39-57EA-4E00-A4EF-A6E51A73304A}
		{82B2E8DD-C45A-4A3A-A963-41456FCBBEBE} = {B088FD39-57EA-4E00-A4EF-A6E51A73304A}
		{0A832CFA-CF70-4FDB-9FDA-BD56F40D88CE} = {B088FD39-57EA-4E00-A4EF-A6E51A73304A}
		{9FF4A3F4-76B5-4657-A958-08C9190ABBB1} = {5F2B510F-FA11-4AC9-B5AE-E99D43692F6C}
		{EC4888CA-BC18-4C18-8F10-357939A9C06A} = {012F155F-0413-43DD-9547-37E2BAAF7BF6}
		{1285B9B2-D8E4-4CA0-A5C0-074D3192A8A2} = {869C8241-20AC-44C1-A161-F85FA63E0BEB}
		{EA0EC8C7-B255-42FF-AEEE-8D38D33E304A} = {5F2B510F-FA11-4AC9-B5AE-E99D43692F6C}
		{938FD698-0AAC-4559-8B45-BB88538FD45A} = {96CC6131-98C6-4BD0-8D45-F9D0DC8D03D3}
		{29052233-AC29-4579-9FEE-1BF859C74D37} = {ADAF7BC7-7D54-4892-B9D9-8AF9CE54C02F}
		{5C56DED5-DBC1-43C2-BB8E-FC47161EB292} = {40BE4A78-6B1D-4F3F-A25E-F817475BA463}
		{D1A78E9F-306D-4D8B-A0E8-5B5463C588F3} = {38AD3B49-65B0-4B91-828D-878118F2C02B}
		{E14D470B-B0B6-44D5-8607-674874D6A157} = {3CB38F15-0D2C-4CC1-ABB0-C0A6AD773BF4}
		{232F0903-49EC-4251-A698-897B770B0E32} = {F062EA30-2467-47EC-8D21-49DD09609D5C}
		{C53DCC2B-0CEE-4631-B763-96165DC78630} = {FED14537-D31A-45AE-9CF7-758EE70485F4}
		{270757CE-2649-4450-8177-018F67C85285} = {1EA9BCC1-F054-49AE-AB1B-D1171EA81940}
		{3534D249-EFED-43D4-9951-D5E0C55422F1} = {9454BA2F-EDEE-4F68-85CE-FA221A6D8580}
		{4F2DF425-A184-4E47-8C57-9E331E5975AB} = {95056A8E-A895-4FC9-8711-2994E21A78C4}
		{BF76B7DF-0817-4146-A54D-E5B28369DDFB} = {2DBFD288-6CB7-43CE-88E1-BEA556321B24}
		{0E6DE85B-7CD7-4959-ABC6-FDDCE6F02BAC} = {2B3255D3-2BC8-4A07-BEC9-28A9F2F18E2E}
		{806DAB70-FA91-476A-BB15-58655A441A6D} = {64A9CA53-2EEB-4DA7-ABC5-4D5F9E452643}
	EndGlobalSection
	GlobalSection(ExtensibilityGlobals) = postSolution
		SolutionGuid = {7ACF30F9-F559-4395-B5D9-61A3C9BC7479}
	EndGlobalSection
EndGlobal
