
Microsoft Visual Studio Solution File, Format Version 12.00
# Visual Studio Version 17
VisualStudioVersion = 17.7.34202.233
MinimumVisualStudioVersion = 10.0.40219.1
Project("{2150E333-8FDC-42A3-9474-1A3956D46DE8}") = "Chapter01", "Chapter01", "{CD2D2F4E-950D-445C-BBDF-36CA7B3F325D}"
EndProject
Project("{2150E333-8FDC-42A3-9474-1A3956D46DE8}") = "Chapter02", "Chapter02", "{4F5F925B-3A26-4E7E-9F79-D75C53D3EB27}"
EndProject
Project("{9A19103F-16F7-4668-BE54-9A1E7A4F7556}") = "ConsoleApp1", "ConsoleApp1\ConsoleApp1.csproj", "{5B5E9BA2-C8B7-4B1C-A2AF-3B9FF2477054}"
EndProject
Project("{9A19103F-16F7-4668-BE54-9A1E7A4F7556}") = "2.1", "2.1\2.1.csproj", "{188CEB29-F63E-46C2-AF78-D8E67F355D36}"
EndProject
Project("{9A19103F-16F7-4668-BE54-9A1E7A4F7556}") = "2.2", "2.2\2.2.csproj", "{D6E78083-5DCD-4165-A428-2EBC2D5E04BE}"
EndProject
Project("{9A19103F-16F7-4668-BE54-9A1E7A4F7556}") = "2.3", "2.3\2.3.csproj", "{9660EAC6-7636-444A-9EA7-3F58EF7202E8}"
EndProject
Project("{2150E333-8FDC-42A3-9474-1A3956D46DE8}") = "Chapter03", "Chapter03", "{B088FD39-57EA-4E00-A4EF-A6E51A73304A}"
EndProject
Project("{9A19103F-16F7-4668-BE54-9A1E7A4F7556}") = "3.1", "3.1\3.1.csproj", "{355F7681-15B3-409F-8340-B7C536790572}"
EndProject
Project("{9A19103F-16F7-4668-BE54-9A1E7A4F7556}") = "3.2", "3.2\3.2.csproj", "{2C5ABEC3-3B92-4463-838F-809DC7425D8E}"
EndProject
Project("{9A19103F-16F7-4668-BE54-9A1E7A4F7556}") = "3.3", "3.3\3.3.csproj", "{3D988F06-CCC2-40F1-A86F-89DE88063D21}"
EndProject
Project("{9A19103F-16F7-4668-BE54-9A1E7A4F7556}") = "3.4", "3.4\3.4.csproj", "{82B2E8DD-C45A-4A3A-A963-41456FCBBEBE}"
EndProject
Project("{9A19103F-16F7-4668-BE54-9A1E7A4F7556}") = "3.5", "3.5\3.5.csproj", "{0A832CFA-CF70-4FDB-9FDA-BD56F40D88CE}"
EndProject
Project("{2150E333-8FDC-42A3-9474-1A3956D46DE8}") = "Chapter04", "Chapter04", "{5F2B510F-FA11-4AC9-B5AE-E99D43692F6C}"
EndProject
Project("{9A19103F-16F7-4668-BE54-9A1E7A4F7556}") = "4.1", "4.1\4.1.csproj", "{9FF4A3F4-76B5-4657-A958-08C9190ABBB1}"
EndProject
Project("{2150E333-8FDC-42A3-9474-1A3956D46DE8}") = "Camunda", "Camunda", "{012F155F-0413-43DD-9547-37E2BAAF7BF6}"
EndProject
Project("{FAE04EC0-301F-11D3-BF4B-00C04F79EFBC}") = "CamundaForm", "CamundaForm\CamundaForm.csproj", "{EC4888CA-BC18-4C18-8F10-357939A9C06A}"
EndProject
Global
	GlobalSection(SolutionConfigurationPlatforms) = preSolution
		Debug|Any CPU = Debug|Any CPU
		Release|Any CPU = Release|Any CPU
	EndGlobalSection
	GlobalSection(ProjectConfigurationPlatforms) = postSolution
		{5B5E9BA2-C8B7-4B1C-A2AF-3B9FF2477054}.Debug|Any CPU.ActiveCfg = Debug|Any CPU
		{5B5E9BA2-C8B7-4B1C-A2AF-3B9FF2477054}.Debug|Any CPU.Build.0 = Debug|Any CPU
		{5B5E9BA2-C8B7-4B1C-A2AF-3B9FF2477054}.Release|Any CPU.ActiveCfg = Release|Any CPU
		{5B5E9BA2-C8B7-4B1C-A2AF-3B9FF2477054}.Release|Any CPU.Build.0 = Release|Any CPU
		{188CEB29-F63E-46C2-AF78-D8E67F355D36}.Debug|Any CPU.ActiveCfg = Debug|Any CPU
		{188CEB29-F63E-46C2-AF78-D8E67F355D36}.Debug|Any CPU.Build.0 = Debug|Any CPU
		{188CEB29-F63E-46C2-AF78-D8E67F355D36}.Release|Any CPU.ActiveCfg = Release|Any CPU
		{188CEB29-F63E-46C2-AF78-D8E67F355D36}.Release|Any CPU.Build.0 = Release|Any CPU
		{D6E78083-5DCD-4165-A428-2EBC2D5E04BE}.Debug|Any CPU.ActiveCfg = Debug|Any CPU
		{D6E78083-5DCD-4165-A428-2EBC2D5E04BE}.Debug|Any CPU.Build.0 = Debug|Any CPU
		{D6E78083-5DCD-4165-A428-2EBC2D5E04BE}.Release|Any CPU.ActiveCfg = Release|Any CPU
		{D6E78083-5DCD-4165-A428-2EBC2D5E04BE}.Release|Any CPU.Build.0 = Release|Any CPU
		{9660EAC6-7636-444A-9EA7-3F58EF7202E8}.Debug|Any CPU.ActiveCfg = Debug|Any CPU
		{9660EAC6-7636-444A-9EA7-3F58EF7202E8}.Debug|Any CPU.Build.0 = Debug|Any CPU
		{9660EAC6-7636-444A-9EA7-3F58EF7202E8}.Release|Any CPU.ActiveCfg = Release|Any CPU
		{9660EAC6-7636-444A-9EA7-3F58EF7202E8}.Release|Any CPU.Build.0 = Release|Any CPU
		{355F7681-15B3-409F-8340-B7C536790572}.Debug|Any CPU.ActiveCfg = Debug|Any CPU
		{355F7681-15B3-409F-8340-B7C536790572}.Debug|Any CPU.Build.0 = Debug|Any CPU
		{355F7681-15B3-409F-8340-B7C536790572}.Release|Any CPU.ActiveCfg = Release|Any CPU
		{355F7681-15B3-409F-8340-B7C536790572}.Release|Any CPU.Build.0 = Release|Any CPU
		{2C5ABEC3-3B92-4463-838F-809DC7425D8E}.Debug|Any CPU.ActiveCfg = Debug|Any CPU
		{2C5ABEC3-3B92-4463-838F-809DC7425D8E}.Debug|Any CPU.Build.0 = Debug|Any CPU
		{2C5ABEC3-3B92-4463-838F-809DC7425D8E}.Release|Any CPU.ActiveCfg = Release|Any CPU
		{2C5ABEC3-3B92-4463-838F-809DC7425D8E}.Release|Any CPU.Build.0 = Release|Any CPU
		{3D988F06-CCC2-40F1-A86F-89DE88063D21}.Debug|Any CPU.ActiveCfg = Debug|Any CPU
		{3D988F06-CCC2-40F1-A86F-89DE88063D21}.Debug|Any CPU.Build.0 = Debug|Any CPU
		{3D988F06-CCC2-40F1-A86F-89DE88063D21}.Release|Any CPU.ActiveCfg = Release|Any CPU
		{3D988F06-CCC2-40F1-A86F-89DE88063D21}.Release|Any CPU.Build.0 = Release|Any CPU
		{82B2E8DD-C45A-4A3A-A963-41456FCBBEBE}.Debug|Any CPU.ActiveCfg = Debug|Any CPU
		{82B2E8DD-C45A-4A3A-A963-41456FCBBEBE}.Debug|Any CPU.Build.0 = Debug|Any CPU
		{82B2E8DD-C45A-4A3A-A963-41456FCBBEBE}.Release|Any CPU.ActiveCfg = Release|Any CPU
		{82B2E8DD-C45A-4A3A-A963-41456FCBBEBE}.Release|Any CPU.Build.0 = Release|Any CPU
		{0A832CFA-CF70-4FDB-9FDA-BD56F40D88CE}.Debug|Any CPU.ActiveCfg = Debug|Any CPU
		{0A832CFA-CF70-4FDB-9FDA-BD56F40D88CE}.Debug|Any CPU.Build.0 = Debug|Any CPU
		{0A832CFA-CF70-4FDB-9FDA-BD56F40D88CE}.Release|Any CPU.ActiveCfg = Release|Any CPU
		{0A832CFA-CF70-4FDB-9FDA-BD56F40D88CE}.Release|Any CPU.Build.0 = Release|Any CPU
		{9FF4A3F4-76B5-4657-A958-08C9190ABBB1}.Debug|Any CPU.ActiveCfg = Debug|Any CPU
		{9FF4A3F4-76B5-4657-A958-08C9190ABBB1}.Debug|Any CPU.Build.0 = Debug|Any CPU
		{9FF4A3F4-76B5-4657-A958-08C9190ABBB1}.Release|Any CPU.ActiveCfg = Release|Any CPU
		{9FF4A3F4-76B5-4657-A958-08C9190ABBB1}.Release|Any CPU.Build.0 = Release|Any CPU
		{EC4888CA-BC18-4C18-8F10-357939A9C06A}.Debug|Any CPU.ActiveCfg = Debug|Any CPU
		{EC4888CA-BC18-4C18-8F10-357939A9C06A}.Debug|Any CPU.Build.0 = Debug|Any CPU
		{EC4888CA-BC18-4C18-8F10-357939A9C06A}.Release|Any CPU.ActiveCfg = Release|Any CPU
		{EC4888CA-BC18-4C18-8F10-357939A9C06A}.Release|Any CPU.Build.0 = Release|Any CPU
	EndGlobalSection
	GlobalSection(SolutionProperties) = preSolution
		HideSolutionNode = FALSE
	EndGlobalSection
	GlobalSection(NestedProjects) = preSolution
		{5B5E9BA2-C8B7-4B1C-A2AF-3B9FF2477054} = {CD2D2F4E-950D-445C-BBDF-36CA7B3F325D}
		{188CEB29-F63E-46C2-AF78-D8E67F355D36} = {4F5F925B-3A26-4E7E-9F79-D75C53D3EB27}
		{D6E78083-5DCD-4165-A428-2EBC2D5E04BE} = {4F5F925B-3A26-4E7E-9F79-D75C53D3EB27}
		{9660EAC6-7636-444A-9EA7-3F58EF7202E8} = {4F5F925B-3A26-4E7E-9F79-D75C53D3EB27}
		{355F7681-15B3-409F-8340-B7C536790572} = {B088FD39-57EA-4E00-A4EF-A6E51A73304A}
		{2C5ABEC3-3B92-4463-838F-809DC7425D8E} = {B088FD39-57EA-4E00-A4EF-A6E51A73304A}
		{3D988F06-CCC2-40F1-A86F-89DE88063D21} = {B088FD39-57EA-4E00-A4EF-A6E51A73304A}
		{82B2E8DD-C45A-4A3A-A963-41456FCBBEBE} = {B088FD39-57EA-4E00-A4EF-A6E51A73304A}
		{0A832CFA-CF70-4FDB-9FDA-BD56F40D88CE} = {B088FD39-57EA-4E00-A4EF-A6E51A73304A}
		{9FF4A3F4-76B5-4657-A958-08C9190ABBB1} = {5F2B510F-FA11-4AC9-B5AE-E99D43692F6C}
		{EC4888CA-BC18-4C18-8F10-357939A9C06A} = {012F155F-0413-43DD-9547-37E2BAAF7BF6}
	EndGlobalSection
	GlobalSection(ExtensibilityGlobals) = postSolution
		SolutionGuid = {7ACF30F9-F559-4395-B5D9-61A3C9BC7479}
	EndGlobalSection
EndGlobal
